
Microsoft Visual Studio Solution File, Format Version 12.00
# Visual Studio Version 16
VisualStudioVersion = 16.0.31729.503
MinimumVisualStudioVersion = 10.0.40219.1
Project("{FAE04EC0-301F-11D3-BF4B-00C04F79EFBC}") = "Appartments", "Appartments.csproj", "{B24CCD11-FBDC-4253-A5BD-D1C7FABB9CFA}"
EndProject
Global
	GlobalSection(SolutionConfigurationPlatforms) = preSolution
		Debug|Any CPU = Debug|Any CPU
		Release|Any CPU = Release|Any CPU
	EndGlobalSection
	GlobalSection(ProjectConfigurationPlatforms) = postSolution
		{B24CCD11-FBDC-4253-A5BD-D1C7FABB9CFA}.Debug|Any CPU.ActiveCfg = Debug|Any CPU
		{B24CCD11-FBDC-4253-A5BD-D1C7FABB9CFA}.Debug|Any CPU.Build.0 = Debug|Any CPU
		{B24CCD11-FBDC-4253-A5BD-D1C7FABB9CFA}.Release|Any CPU.ActiveCfg = Release|Any CPU
		{B24CCD11-FBDC-4253-A5BD-D1C7FABB9CFA}.Release|Any CPU.Build.0 = Release|Any CPU
	EndGlobalSection
	GlobalSection(SolutionProperties) = preSolution
		HideSolutionNode = FALSE
	EndGlobalSection
	GlobalSection(ExtensibilityGlobals) = postSolution
		SolutionGuid = {FAC5E4AE-F976-4A5C-B15B-01F5C0ABF539}
	EndGlobalSection
EndGlobal
